// !$*UTF8*$!
{
	archiveVersion = 1;
	classes = {
	};
	objectVersion = 46;
	objects = {

/* Begin PBXBuildFile section */
		ACFE9719144B3B4100CD178A /* UIKit.framework in Frameworks */ = {isa = PBXBuildFile; fileRef = ACFE9718144B3B4100CD178A /* UIKit.framework */; };
		ACFE971B144B3B4100CD178A /* Foundation.framework in Frameworks */ = {isa = PBXBuildFile; fileRef = ACFE971A144B3B4100CD178A /* Foundation.framework */; };
		ACFE971D144B3B4100CD178A /* CoreGraphics.framework in Frameworks */ = {isa = PBXBuildFile; fileRef = ACFE971C144B3B4100CD178A /* CoreGraphics.framework */; };
		ACFE9723144B3B4100CD178A /* InfoPlist.strings in Resources */ = {isa = PBXBuildFile; fileRef = ACFE9721144B3B4100CD178A /* InfoPlist.strings */; };
		ACFE9725144B3B4100CD178A /* main.m in Sources */ = {isa = PBXBuildFile; fileRef = ACFE9724144B3B4100CD178A /* main.m */; };
		ACFE9729144B3B4100CD178A /* Ceasar_CipherAppDelegate.m in Sources */ = {isa = PBXBuildFile; fileRef = ACFE9728144B3B4100CD178A /* Ceasar_CipherAppDelegate.m */; };
		ACFE972C144B3B4100CD178A /* MainWindow.xib in Resources */ = {isa = PBXBuildFile; fileRef = ACFE972A144B3B4100CD178A /* MainWindow.xib */; };
		ACFE972F144B3B4100CD178A /* Ceasar_CipherViewController.m in Sources */ = {isa = PBXBuildFile; fileRef = ACFE972E144B3B4100CD178A /* Ceasar_CipherViewController.m */; };
		ACFE9732144B3B4100CD178A /* Ceasar_CipherViewController.xib in Resources */ = {isa = PBXBuildFile; fileRef = ACFE9730144B3B4100CD178A /* Ceasar_CipherViewController.xib */; };
		ACFE973E144B417C00CD178A /* Ceasar_CipherModel.m in Sources */ = {isa = PBXBuildFile; fileRef = ACFE973D144B417C00CD178A /* Ceasar_CipherModel.m */; };
/* End PBXBuildFile section */

/* Begin PBXFileReference section */
		ACFE9714144B3B4100CD178A /* Ceasar Cipher.app */ = {isa = PBXFileReference; explicitFileType = wrapper.application; includeInIndex = 0; path = "Ceasar Cipher.app"; sourceTree = BUILT_PRODUCTS_DIR; };
		ACFE9718144B3B4100CD178A /* UIKit.framework */ = {isa = PBXFileReference; lastKnownFileType = wrapper.framework; name = UIKit.framework; path = System/Library/Frameworks/UIKit.framework; sourceTree = SDKROOT; };
		ACFE971A144B3B4100CD178A /* Foundation.framework */ = {isa = PBXFileReference; lastKnownFileType = wrapper.framework; name = Foundation.framework; path = System/Library/Frameworks/Foundation.framework; sourceTree = SDKROOT; };
		ACFE971C144B3B4100CD178A /* CoreGraphics.framework */ = {isa = PBXFileReference; lastKnownFileType = wrapper.framework; name = CoreGraphics.framework; path = System/Library/Frameworks/CoreGraphics.framework; sourceTree = SDKROOT; };
		ACFE9720144B3B4100CD178A /* Ceasar Cipher-Info.plist */ = {isa = PBXFileReference; lastKnownFileType = text.plist.xml; path = "Ceasar Cipher-Info.plist"; sourceTree = "<group>"; };
		ACFE9722144B3B4100CD178A /* en */ = {isa = PBXFileReference; lastKnownFileType = text.plist.strings; name = en; path = en.lproj/InfoPlist.strings; sourceTree = "<group>"; };
		ACFE9724144B3B4100CD178A /* main.m */ = {isa = PBXFileReference; lastKnownFileType = sourcecode.c.objc; path = main.m; sourceTree = "<group>"; };
		ACFE9726144B3B4100CD178A /* Ceasar Cipher-Prefix.pch */ = {isa = PBXFileReference; lastKnownFileType = sourcecode.c.h; path = "Ceasar Cipher-Prefix.pch"; sourceTree = "<group>"; };
		ACFE9727144B3B4100CD178A /* Ceasar_CipherAppDelegate.h */ = {isa = PBXFileReference; lastKnownFileType = sourcecode.c.h; path = Ceasar_CipherAppDelegate.h; sourceTree = "<group>"; };
		ACFE9728144B3B4100CD178A /* Ceasar_CipherAppDelegate.m */ = {isa = PBXFileReference; lastKnownFileType = sourcecode.c.objc; path = Ceasar_CipherAppDelegate.m; sourceTree = "<group>"; };
		ACFE972B144B3B4100CD178A /* en */ = {isa = PBXFileReference; lastKnownFileType = file.xib; name = en; path = en.lproj/MainWindow.xib; sourceTree = "<group>"; };
		ACFE972D144B3B4100CD178A /* Ceasar_CipherViewController.h */ = {isa = PBXFileReference; lastKnownFileType = sourcecode.c.h; path = Ceasar_CipherViewController.h; sourceTree = "<group>"; };
		ACFE972E144B3B4100CD178A /* Ceasar_CipherViewController.m */ = {isa = PBXFileReference; lastKnownFileType = sourcecode.c.objc; path = Ceasar_CipherViewController.m; sourceTree = "<group>"; };
		ACFE9731144B3B4100CD178A /* en */ = {isa = PBXFileReference; lastKnownFileType = file.xib; name = en; path = en.lproj/Ceasar_CipherViewController.xib; sourceTree = "<group>"; };
		ACFE973C144B417C00CD178A /* Ceasar_CipherModel.h */ = {isa = PBXFileReference; fileEncoding = 4; lastKnownFileType = sourcecode.c.h; path = Ceasar_CipherModel.h; sourceTree = "<group>"; };
		ACFE973D144B417C00CD178A /* Ceasar_CipherModel.m */ = {isa = PBXFileReference; fileEncoding = 4; lastKnownFileType = sourcecode.c.objc; path = Ceasar_CipherModel.m; sourceTree = "<group>"; };
/* End PBXFileReference section */

/* Begin PBXFrameworksBuildPhase section */
		ACFE9711144B3B4100CD178A /* Frameworks */ = {
			isa = PBXFrameworksBuildPhase;
			buildActionMask = 2147483647;
			files = (
				ACFE9719144B3B4100CD178A /* UIKit.framework in Frameworks */,
				ACFE971B144B3B4100CD178A /* Foundation.framework in Frameworks */,
				ACFE971D144B3B4100CD178A /* CoreGraphics.framework in Frameworks */,
			);
			runOnlyForDeploymentPostprocessing = 0;
		};
/* End PBXFrameworksBuildPhase section */

/* Begin PBXGroup section */
		ACFE9709144B3B4100CD178A = {
			isa = PBXGroup;
			children = (
				ACFE971E144B3B4100CD178A /* Ceasar Cipher */,
				ACFE9717144B3B4100CD178A /* Frameworks */,
				ACFE9715144B3B4100CD178A /* Products */,
			);
			sourceTree = "<group>";
		};
		ACFE9715144B3B4100CD178A /* Products */ = {
			isa = PBXGroup;
			children = (
				ACFE9714144B3B4100CD178A /* Ceasar Cipher.app */,
			);
			name = Products;
			sourceTree = "<group>";
		};
		ACFE9717144B3B4100CD178A /* Frameworks */ = {
			isa = PBXGroup;
			children = (
				ACFE9718144B3B4100CD178A /* UIKit.framework */,
				ACFE971A144B3B4100CD178A /* Foundation.framework */,
				ACFE971C144B3B4100CD178A /* CoreGraphics.framework */,
			);
			name = Frameworks;
			sourceTree = "<group>";
		};
		ACFE971E144B3B4100CD178A /* Ceasar Cipher */ = {
			isa = PBXGroup;
			children = (
				ACFE9727144B3B4100CD178A /* Ceasar_CipherAppDelegate.h */,
				ACFE9728144B3B4100CD178A /* Ceasar_CipherAppDelegate.m */,
				ACFE972A144B3B4100CD178A /* MainWindow.xib */,
				ACFE972D144B3B4100CD178A /* Ceasar_CipherViewController.h */,
				ACFE972E144B3B4100CD178A /* Ceasar_CipherViewController.m */,
				ACFE9730144B3B4100CD178A /* Ceasar_CipherViewController.xib */,
				ACFE973C144B417C00CD178A /* Ceasar_CipherModel.h */,
				ACFE973D144B417C00CD178A /* Ceasar_CipherModel.m */,
				ACFE971F144B3B4100CD178A /* Supporting Files */,
			);
			path = "Ceasar Cipher";
			sourceTree = "<group>";
		};
		ACFE971F144B3B4100CD178A /* Supporting Files */ = {
			isa = PBXGroup;
			children = (
				ACFE9720144B3B4100CD178A /* Ceasar Cipher-Info.plist */,
				ACFE9721144B3B4100CD178A /* InfoPlist.strings */,
				ACFE9724144B3B4100CD178A /* main.m */,
				ACFE9726144B3B4100CD178A /* Ceasar Cipher-Prefix.pch */,
			);
			name = "Supporting Files";
			sourceTree = "<group>";
		};
/* End PBXGroup section */

/* Begin PBXNativeTarget section */
		ACFE9713144B3B4100CD178A /* Ceasar Cipher */ = {
			isa = PBXNativeTarget;
			buildConfigurationList = ACFE9735144B3B4100CD178A /* Build configuration list for PBXNativeTarget "Ceasar Cipher" */;
			buildPhases = (
				ACFE9710144B3B4100CD178A /* Sources */,
				ACFE9711144B3B4100CD178A /* Frameworks */,
				ACFE9712144B3B4100CD178A /* Resources */,
			);
			buildRules = (
			);
			dependencies = (
			);
			name = "Ceasar Cipher";
			productName = "Ceasar Cipher";
			productReference = ACFE9714144B3B4100CD178A /* Ceasar Cipher.app */;
			productType = "com.apple.product-type.application";
		};
/* End PBXNativeTarget section */

/* Begin PBXProject section */
		ACFE970B144B3B4100CD178A /* Project object */ = {
			isa = PBXProject;
			buildConfigurationList = ACFE970E144B3B4100CD178A /* Build configuration list for PBXProject "Ceasar Cipher" */;
			compatibilityVersion = "Xcode 3.2";
			developmentRegion = English;
			hasScannedForEncodings = 0;
			knownRegions = (
				en,
			);
			mainGroup = ACFE9709144B3B4100CD178A;
			productRefGroup = ACFE9715144B3B4100CD178A /* Products */;
			projectDirPath = "";
			projectRoot = "";
			targets = (
				ACFE9713144B3B4100CD178A /* Ceasar Cipher */,
			);
		};
/* End PBXProject section */

/* Begin PBXResourcesBuildPhase section */
		ACFE9712144B3B4100CD178A /* Resources */ = {
			isa = PBXResourcesBuildPhase;
			buildActionMask = 2147483647;
			files = (
				ACFE9723144B3B4100CD178A /* InfoPlist.strings in Resources */,
				ACFE972C144B3B4100CD178A /* MainWindow.xib in Resources */,
				ACFE9732144B3B4100CD178A /* Ceasar_CipherViewController.xib in Resources */,
			);
			runOnlyForDeploymentPostprocessing = 0;
		};
/* End PBXResourcesBuildPhase section */

/* Begin PBXSourcesBuildPhase section */
		ACFE9710144B3B4100CD178A /* Sources */ = {
			isa = PBXSourcesBuildPhase;
			buildActionMask = 2147483647;
			files = (
				ACFE9725144B3B4100CD178A /* main.m in Sources */,
				ACFE9729144B3B4100CD178A /* Ceasar_CipherAppDelegate.m in Sources */,
				ACFE972F144B3B4100CD178A /* Ceasar_CipherViewController.m in Sources */,
				ACFE973E144B417C00CD178A /* Ceasar_CipherModel.m in Sources */,
			);
			runOnlyForDeploymentPostprocessing = 0;
		};
/* End PBXSourcesBuildPhase section */

/* Begin PBXVariantGroup section */
		ACFE9721144B3B4100CD178A /* InfoPlist.strings */ = {
			isa = PBXVariantGroup;
			children = (
				ACFE9722144B3B4100CD178A /* en */,
			);
			name = InfoPlist.strings;
			sourceTree = "<group>";
		};
		ACFE972A144B3B4100CD178A /* MainWindow.xib */ = {
			isa = PBXVariantGroup;
			children = (
				ACFE972B144B3B4100CD178A /* en */,
			);
			name = MainWindow.xib;
			sourceTree = "<group>";
		};
		ACFE9730144B3B4100CD178A /* Ceasar_CipherViewController.xib */ = {
			isa = PBXVariantGroup;
			children = (
				ACFE9731144B3B4100CD178A /* en */,
			);
			name = Ceasar_CipherViewController.xib;
			sourceTree = "<group>";
		};
/* End PBXVariantGroup section */

/* Begin XCBuildConfiguration section */
		ACFE9733144B3B4100CD178A /* Debug */ = {
			isa = XCBuildConfiguration;
			buildSettings = {
				ALWAYS_SEARCH_USER_PATHS = NO;
				ARCHS = "$(ARCHS_STANDARD_32_BIT)";
				"CODE_SIGN_IDENTITY[sdk=iphoneos*]" = "iPhone Developer";
				COPY_PHASE_STRIP = NO;
				GCC_C_LANGUAGE_STANDARD = gnu99;
				GCC_DYNAMIC_NO_PIC = NO;
				GCC_OPTIMIZATION_LEVEL = 0;
				GCC_PREPROCESSOR_DEFINITIONS = (
					"DEBUG=1",
					"$(inherited)",
				);
				GCC_SYMBOLS_PRIVATE_EXTERN = NO;
				GCC_VERSION = com.apple.compilers.llvmgcc42;
				GCC_WARN_ABOUT_MISSING_PROTOTYPES = YES;
				GCC_WARN_ABOUT_RETURN_TYPE = YES;
				GCC_WARN_UNUSED_VARIABLE = YES;
				IPHONEOS_DEPLOYMENT_TARGET = 4.3;
				SDKROOT = iphoneos;
			};
			name = Debug;
		};
		ACFE9734144B3B4100CD178A /* Release */ = {
			isa = XCBuildConfiguration;
			buildSettings = {
				ALWAYS_SEARCH_USER_PATHS = NO;
				ARCHS = "$(ARCHS_STANDARD_32_BIT)";
				"CODE_SIGN_IDENTITY[sdk=iphoneos*]" = "iPhone Developer";
				COPY_PHASE_STRIP = YES;
				GCC_C_LANGUAGE_STANDARD = gnu99;
				GCC_VERSION = com.apple.compilers.llvmgcc42;
				GCC_WARN_ABOUT_MISSING_PROTOTYPES = YES;
				GCC_WARN_ABOUT_RETURN_TYPE = YES;
				GCC_WARN_UNUSED_VARIABLE = YES;
				IPHONEOS_DEPLOYMENT_TARGET = 4.3;
				OTHER_CFLAGS = "-DNS_BLOCK_ASSERTIONS=1";
				SDKROOT = iphoneos;
				VALIDATE_PRODUCT = YES;
			};
			name = Release;
		};
		ACFE9736144B3B4100CD178A /* Debug */ = {
			isa = XCBuildConfiguration;
			buildSettings = {
				GCC_PRECOMPILE_PREFIX_HEADER = YES;
				GCC_PREFIX_HEADER = "Ceasar Cipher/Ceasar Cipher-Prefix.pch";
				INFOPLIST_FILE = "Ceasar Cipher/Ceasar Cipher-Info.plist";
				PRODUCT_NAME = "$(TARGET_NAME)";
				WRAPPER_EXTENSION = app;
			};
			name = Debug;
		};
		ACFE9737144B3B4100CD178A /* Release */ = {
			isa = XCBuildConfiguration;
			buildSettings = {
				GCC_PRECOMPILE_PREFIX_HEADER = YES;
				GCC_PREFIX_HEADER = "Ceasar Cipher/Ceasar Cipher-Prefix.pch";
				INFOPLIST_FILE = "Ceasar Cipher/Ceasar Cipher-Info.plist";
				PRODUCT_NAME = "$(TARGET_NAME)";
				WRAPPER_EXTENSION = app;
			};
			name = Release;
		};
/* End XCBuildConfiguration section */

/* Begin XCConfigurationList section */
		ACFE970E144B3B4100CD178A /* Build configuration list for PBXProject "Ceasar Cipher" */ = {
			isa = XCConfigurationList;
			buildConfigurations = (
				ACFE9733144B3B4100CD178A /* Debug */,
				ACFE9734144B3B4100CD178A /* Release */,
			);
			defaultConfigurationIsVisible = 0;
			defaultConfigurationName = Release;
		};
		ACFE9735144B3B4100CD178A /* Build configuration list for PBXNativeTarget "Ceasar Cipher" */ = {
			isa = XCConfigurationList;
			buildConfigurations = (
				ACFE9736144B3B4100CD178A /* Debug */,
				ACFE9737144B3B4100CD178A /* Release */,
			);
			defaultConfigurationIsVisible = 0;
			defaultConfigurationName = Release;
		};
/* End XCConfigurationList section */
	};
	rootObject = ACFE970B144B3B4100CD178A /* Project object */;
}
